
Microsoft Visual Studio Solution File, Format Version 12.00
# Visual Studio Version 17
VisualStudioVersion = 17.14.37531.7 d17.14
MinimumVisualStudioVersion = 10.0.40219.1
Project("{FAE04EC0-301F-11D3-BF4B-00C04F79EFBC}") = "student", "student\student.csproj", "{3800E719-8D96-4744-AF0E-80403136AD54}"
EndProject
Global
	GlobalSection(SolutionConfigurationPlatforms) = preSolution
		Debug|Any CPU = Debug|Any CPU
		Release|Any CPU = Release|Any CPU
	EndGlobalSection
	GlobalSection(ProjectConfigurationPlatforms) = postSolution
		{3800E719-8D96-4744-AF0E-80403136AD54}.Debug|Any CPU.ActiveCfg = Debug|Any CPU
		{3800E719-8D96-4744-AF0E-80403136AD54}.Debug|Any CPU.Build.0 = Debug|Any CPU
		{3800E719-8D96-4744-AF0E-80403136AD54}.Release|Any CPU.ActiveCfg = Release|Any CPU
		{3800E719-8D96-4744-AF0E-80403136AD54}.Release|Any CPU.Build.0 = Release|Any CPU
	EndGlobalSection
	GlobalSection(SolutionProperties) = preSolution
		HideSolutionNode = FALSE
	EndGlobalSection
	GlobalSection(ExtensibilityGlobals) = postSolution
		SolutionGuid = {6033C6D8-18D0-4E4E-8B87-F16764109C68}
	EndGlobalSection
EndGlobal
