
Microsoft Visual Studio Solution File, Format Version 12.00
# Visual Studio Version 17
VisualStudioVersion = 17.14.37531.7 d17.14
MinimumVisualStudioVersion = 10.0.40219.1
Project("{FAE04EC0-301F-11D3-BF4B-00C04F79EFBC}") = "student", "student\student.csproj", "{85AE238D-E8F6-415A-9DC4-A51844BCCEE7}"
EndProject
Global
	GlobalSection(SolutionConfigurationPlatforms) = preSolution
		Debug|Any CPU = Debug|Any CPU
		Release|Any CPU = Release|Any CPU
	EndGlobalSection
	GlobalSection(ProjectConfigurationPlatforms) = postSolution
		{85AE238D-E8F6-415A-9DC4-A51844BCCEE7}.Debug|Any CPU.ActiveCfg = Debug|Any CPU
		{85AE238D-E8F6-415A-9DC4-A51844BCCEE7}.Debug|Any CPU.Build.0 = Debug|Any CPU
		{85AE238D-E8F6-415A-9DC4-A51844BCCEE7}.Release|Any CPU.ActiveCfg = Release|Any CPU
		{85AE238D-E8F6-415A-9DC4-A51844BCCEE7}.Release|Any CPU.Build.0 = Release|Any CPU
	EndGlobalSection
	GlobalSection(SolutionProperties) = preSolution
		HideSolutionNode = FALSE
	EndGlobalSection
	GlobalSection(ExtensibilityGlobals) = postSolution
		SolutionGuid = {C3DE288D-2542-4658-9786-E995CE3EAA67}
	EndGlobalSection
EndGlobal
